
Microsoft Visual Studio Solution File, Format Version 12.00
# Visual Studio 2013
VisualStudioVersion = 12.0.30501.0
MinimumVisualStudioVersion = 10.0.40219.1
Project("{FAE04EC0-301F-11D3-BF4B-00C04F79EFBC}") = "WebChatApiWin", "WebChatApiWin\WebChatApiWin.csproj", "{F5ACDA36-2AE6-4586-9322-4C37FDE15ACA}"
EndProject
Project("{FAE04EC0-301F-11D3-BF4B-00C04F79EFBC}") = "demo_win_httpsocket", "weixinHttpApi2.0\demo_win_httpsocket.csproj", "{C5CB2F61-4FE5-4B4B-95C8-54E3E5B0B470}"
EndProject
Project("{6141683F-8A12-4E36-9623-2EB02B2C2303}") = "WebChatTool", "Software\WebChatTool\WebChatTool.isproj", "{95B7A646-0366-4914-8B66-C62CA9DA8FA6}"
EndProject
Project("{2150E333-8FDC-42A3-9474-1A3956D46DE8}") = "WebChatData", "WebChatData", "{288A18EF-3FCA-4358-9F9D-D91B677BD5AE}"
EndProject
Project("{FAE04EC0-301F-11D3-BF4B-00C04F79EFBC}") = "WebChatData.Model", "WebChatData\WebChatData.Model\WebChatData.Model.csproj", "{CBDB50BD-BB86-4FE9-B317-457EDBB8ED3E}"
EndProject
Project("{FAE04EC0-301F-11D3-BF4B-00C04F79EFBC}") = "WebChatData.MssqlDAService", "WebChatData\WebChatData.MssqlDAService\WebChatData.MssqlDAService.csproj", "{BACF561C-30C6-420F-9894-12A469CE6340}"
EndProject
Project("{FAE04EC0-301F-11D3-BF4B-00C04F79EFBC}") = "WebChatData.DAManage", "WebChatData\WebChatData.DAManage\WebChatData.DAManage.csproj", "{0551A4A1-A429-4C22-8286-7CADCC5DE172}"
EndProject
Project("{FAE04EC0-301F-11D3-BF4B-00C04F79EFBC}") = "WebChatData.IDAService", "WebChatData\WebChatData.IDAService\WebChatData.IDAService.csproj", "{918D41AE-0E72-45C0-9F2A-F078D1C22327}"
EndProject
Project("{FAE04EC0-301F-11D3-BF4B-00C04F79EFBC}") = "WebChatData.IDAManage", "WebChatData\WebChatData.IDAManage\WebChatData.IDAManage.csproj", "{477CA7F7-0731-45F7-BE37-44E9ACDD681A}"
EndProject
Global
	GlobalSection(SolutionConfigurationPlatforms) = preSolution
		CD_ROM|Any CPU = CD_ROM|Any CPU
		CD_ROM|x86 = CD_ROM|x86
		Debug|Any CPU = Debug|Any CPU
		Debug|x86 = Debug|x86
		DVD-5|Any CPU = DVD-5|Any CPU
		DVD-5|x86 = DVD-5|x86
		Release|Any CPU = Release|Any CPU
		Release|x86 = Release|x86
		SingleImage|Any CPU = SingleImage|Any CPU
		SingleImage|x86 = SingleImage|x86
	EndGlobalSection
	GlobalSection(ProjectConfigurationPlatforms) = postSolution
		{F5ACDA36-2AE6-4586-9322-4C37FDE15ACA}.CD_ROM|Any CPU.ActiveCfg = Release|Any CPU
		{F5ACDA36-2AE6-4586-9322-4C37FDE15ACA}.CD_ROM|Any CPU.Build.0 = Release|Any CPU
		{F5ACDA36-2AE6-4586-9322-4C37FDE15ACA}.CD_ROM|x86.ActiveCfg = Debug|Any CPU
		{F5ACDA36-2AE6-4586-9322-4C37FDE15ACA}.Debug|Any CPU.ActiveCfg = Debug|Any CPU
		{F5ACDA36-2AE6-4586-9322-4C37FDE15ACA}.Debug|Any CPU.Build.0 = Debug|Any CPU
		{F5ACDA36-2AE6-4586-9322-4C37FDE15ACA}.Debug|x86.ActiveCfg = Debug|Any CPU
		{F5ACDA36-2AE6-4586-9322-4C37FDE15ACA}.Debug|x86.Build.0 = Debug|Any CPU
		{F5ACDA36-2AE6-4586-9322-4C37FDE15ACA}.DVD-5|Any CPU.ActiveCfg = Debug|Any CPU
		{F5ACDA36-2AE6-4586-9322-4C37FDE15ACA}.DVD-5|Any CPU.Build.0 = Debug|Any CPU
		{F5ACDA36-2AE6-4586-9322-4C37FDE15ACA}.DVD-5|x86.ActiveCfg = Debug|Any CPU
		{F5ACDA36-2AE6-4586-9322-4C37FDE15ACA}.Release|Any CPU.ActiveCfg = Release|Any CPU
		{F5ACDA36-2AE6-4586-9322-4C37FDE15ACA}.Release|Any CPU.Build.0 = Release|Any CPU
		{F5ACDA36-2AE6-4586-9322-4C37FDE15ACA}.Release|x86.ActiveCfg = Release|Any CPU
		{F5ACDA36-2AE6-4586-9322-4C37FDE15ACA}.SingleImage|Any CPU.ActiveCfg = Release|Any CPU
		{F5ACDA36-2AE6-4586-9322-4C37FDE15ACA}.SingleImage|Any CPU.Build.0 = Release|Any CPU
		{F5ACDA36-2AE6-4586-9322-4C37FDE15ACA}.SingleImage|x86.ActiveCfg = Debug|Any CPU
		{C5CB2F61-4FE5-4B4B-95C8-54E3E5B0B470}.CD_ROM|Any CPU.ActiveCfg = Release|Any CPU
		{C5CB2F61-4FE5-4B4B-95C8-54E3E5B0B470}.CD_ROM|Any CPU.Build.0 = Release|Any CPU
		{C5CB2F61-4FE5-4B4B-95C8-54E3E5B0B470}.CD_ROM|x86.ActiveCfg = Debug|Any CPU
		{C5CB2F61-4FE5-4B4B-95C8-54E3E5B0B470}.Debug|Any CPU.ActiveCfg = Debug|Any CPU
		{C5CB2F61-4FE5-4B4B-95C8-54E3E5B0B470}.Debug|Any CPU.Build.0 = Debug|Any CPU
		{C5CB2F61-4FE5-4B4B-95C8-54E3E5B0B470}.Debug|x86.ActiveCfg = Debug|Any CPU
		{C5CB2F61-4FE5-4B4B-95C8-54E3E5B0B470}.DVD-5|Any CPU.ActiveCfg = Debug|Any CPU
		{C5CB2F61-4FE5-4B4B-95C8-54E3E5B0B470}.DVD-5|Any CPU.Build.0 = Debug|Any CPU
		{C5CB2F61-4FE5-4B4B-95C8-54E3E5B0B470}.DVD-5|x86.ActiveCfg = Debug|Any CPU
		{C5CB2F61-4FE5-4B4B-95C8-54E3E5B0B470}.Release|Any CPU.ActiveCfg = Release|Any CPU
		{C5CB2F61-4FE5-4B4B-95C8-54E3E5B0B470}.Release|Any CPU.Build.0 = Release|Any CPU
		{C5CB2F61-4FE5-4B4B-95C8-54E3E5B0B470}.Release|x86.ActiveCfg = Release|Any CPU
		{C5CB2F61-4FE5-4B4B-95C8-54E3E5B0B470}.SingleImage|Any CPU.ActiveCfg = Release|Any CPU
		{C5CB2F61-4FE5-4B4B-95C8-54E3E5B0B470}.SingleImage|Any CPU.Build.0 = Release|Any CPU
		{C5CB2F61-4FE5-4B4B-95C8-54E3E5B0B470}.SingleImage|x86.ActiveCfg = Debug|Any CPU
		{95B7A646-0366-4914-8B66-C62CA9DA8FA6}.CD_ROM|Any CPU.ActiveCfg = CD_ROM
		{95B7A646-0366-4914-8B66-C62CA9DA8FA6}.CD_ROM|Any CPU.Build.0 = CD_ROM
		{95B7A646-0366-4914-8B66-C62CA9DA8FA6}.CD_ROM|x86.ActiveCfg = CD_ROM
		{95B7A646-0366-4914-8B66-C62CA9DA8FA6}.CD_ROM|x86.Build.0 = CD_ROM
		{95B7A646-0366-4914-8B66-C62CA9DA8FA6}.Debug|Any CPU.ActiveCfg = DVD-5
		{95B7A646-0366-4914-8B66-C62CA9DA8FA6}.Debug|Any CPU.Build.0 = DVD-5
		{95B7A646-0366-4914-8B66-C62CA9DA8FA6}.Debug|x86.ActiveCfg = DVD-5
		{95B7A646-0366-4914-8B66-C62CA9DA8FA6}.Debug|x86.Build.0 = DVD-5
		{95B7A646-0366-4914-8B66-C62CA9DA8FA6}.DVD-5|Any CPU.ActiveCfg = DVD-5
		{95B7A646-0366-4914-8B66-C62CA9DA8FA6}.DVD-5|Any CPU.Build.0 = DVD-5
		{95B7A646-0366-4914-8B66-C62CA9DA8FA6}.DVD-5|x86.ActiveCfg = DVD-5
		{95B7A646-0366-4914-8B66-C62CA9DA8FA6}.DVD-5|x86.Build.0 = DVD-5
		{95B7A646-0366-4914-8B66-C62CA9DA8FA6}.Release|Any CPU.ActiveCfg = SingleImage
		{95B7A646-0366-4914-8B66-C62CA9DA8FA6}.Release|Any CPU.Build.0 = SingleImage
		{95B7A646-0366-4914-8B66-C62CA9DA8FA6}.Release|x86.ActiveCfg = SingleImage
		{95B7A646-0366-4914-8B66-C62CA9DA8FA6}.Release|x86.Build.0 = SingleImage
		{95B7A646-0366-4914-8B66-C62CA9DA8FA6}.SingleImage|Any CPU.ActiveCfg = SingleImage
		{95B7A646-0366-4914-8B66-C62CA9DA8FA6}.SingleImage|Any CPU.Build.0 = SingleImage
		{95B7A646-0366-4914-8B66-C62CA9DA8FA6}.SingleImage|x86.ActiveCfg = SingleImage
		{95B7A646-0366-4914-8B66-C62CA9DA8FA6}.SingleImage|x86.Build.0 = SingleImage
		{CBDB50BD-BB86-4FE9-B317-457EDBB8ED3E}.CD_ROM|Any CPU.ActiveCfg = Release|Any CPU
		{CBDB50BD-BB86-4FE9-B317-457EDBB8ED3E}.CD_ROM|Any CPU.Build.0 = Release|Any CPU
		{CBDB50BD-BB86-4FE9-B317-457EDBB8ED3E}.CD_ROM|x86.ActiveCfg = Release|Any CPU
		{CBDB50BD-BB86-4FE9-B317-457EDBB8ED3E}.Debug|Any CPU.ActiveCfg = Debug|Any CPU
		{CBDB50BD-BB86-4FE9-B317-457EDBB8ED3E}.Debug|Any CPU.Build.0 = Debug|Any CPU
		{CBDB50BD-BB86-4FE9-B317-457EDBB8ED3E}.Debug|x86.ActiveCfg = Debug|Any CPU
		{CBDB50BD-BB86-4FE9-B317-457EDBB8ED3E}.DVD-5|Any CPU.ActiveCfg = Debug|Any CPU
		{CBDB50BD-BB86-4FE9-B317-457EDBB8ED3E}.DVD-5|Any CPU.Build.0 = Debug|Any CPU
		{CBDB50BD-BB86-4FE9-B317-457EDBB8ED3E}.DVD-5|x86.ActiveCfg = Debug|Any CPU
		{CBDB50BD-BB86-4FE9-B317-457EDBB8ED3E}.Release|Any CPU.ActiveCfg = Release|Any CPU
		{CBDB50BD-BB86-4FE9-B317-457EDBB8ED3E}.Release|Any CPU.Build.0 = Release|Any CPU
		{CBDB50BD-BB86-4FE9-B317-457EDBB8ED3E}.Release|x86.ActiveCfg = Release|Any CPU
		{CBDB50BD-BB86-4FE9-B317-457EDBB8ED3E}.SingleImage|Any CPU.ActiveCfg = Release|Any CPU
		{CBDB50BD-BB86-4FE9-B317-457EDBB8ED3E}.SingleImage|Any CPU.Build.0 = Release|Any CPU
		{CBDB50BD-BB86-4FE9-B317-457EDBB8ED3E}.SingleImage|x86.ActiveCfg = Release|Any CPU
		{BACF561C-30C6-420F-9894-12A469CE6340}.CD_ROM|Any CPU.ActiveCfg = Release|Any CPU
		{BACF561C-30C6-420F-9894-12A469CE6340}.CD_ROM|Any CPU.Build.0 = Release|Any CPU
		{BACF561C-30C6-420F-9894-12A469CE6340}.CD_ROM|x86.ActiveCfg = Release|Any CPU
		{BACF561C-30C6-420F-9894-12A469CE6340}.Debug|Any CPU.ActiveCfg = Debug|Any CPU
		{BACF561C-30C6-420F-9894-12A469CE6340}.Debug|Any CPU.Build.0 = Debug|Any CPU
		{BACF561C-30C6-420F-9894-12A469CE6340}.Debug|x86.ActiveCfg = Debug|Any CPU
		{BACF561C-30C6-420F-9894-12A469CE6340}.DVD-5|Any CPU.ActiveCfg = Debug|Any CPU
		{BACF561C-30C6-420F-9894-12A469CE6340}.DVD-5|Any CPU.Build.0 = Debug|Any CPU
		{BACF561C-30C6-420F-9894-12A469CE6340}.DVD-5|x86.ActiveCfg = Debug|Any CPU
		{BACF561C-30C6-420F-9894-12A469CE6340}.Release|Any CPU.ActiveCfg = Release|Any CPU
		{BACF561C-30C6-420F-9894-12A469CE6340}.Release|Any CPU.Build.0 = Release|Any CPU
		{BACF561C-30C6-420F-9894-12A469CE6340}.Release|x86.ActiveCfg = Release|Any CPU
		{BACF561C-30C6-420F-9894-12A469CE6340}.SingleImage|Any CPU.ActiveCfg = Release|Any CPU
		{BACF561C-30C6-420F-9894-12A469CE6340}.SingleImage|Any CPU.Build.0 = Release|Any CPU
		{BACF561C-30C6-420F-9894-12A469CE6340}.SingleImage|x86.ActiveCfg = Release|Any CPU
		{0551A4A1-A429-4C22-8286-7CADCC5DE172}.CD_ROM|Any CPU.ActiveCfg = Release|Any CPU
		{0551A4A1-A429-4C22-8286-7CADCC5DE172}.CD_ROM|Any CPU.Build.0 = Release|Any CPU
		{0551A4A1-A429-4C22-8286-7CADCC5DE172}.CD_ROM|x86.ActiveCfg = Release|Any CPU
		{0551A4A1-A429-4C22-8286-7CADCC5DE172}.Debug|Any CPU.ActiveCfg = Debug|Any CPU
		{0551A4A1-A429-4C22-8286-7CADCC5DE172}.Debug|Any CPU.Build.0 = Debug|Any CPU
		{0551A4A1-A429-4C22-8286-7CADCC5DE172}.Debug|x86.ActiveCfg = Debug|Any CPU
		{0551A4A1-A429-4C22-8286-7CADCC5DE172}.DVD-5|Any CPU.ActiveCfg = Debug|Any CPU
		{0551A4A1-A429-4C22-8286-7CADCC5DE172}.DVD-5|Any CPU.Build.0 = Debug|Any CPU
		{0551A4A1-A429-4C22-8286-7CADCC5DE172}.DVD-5|x86.ActiveCfg = Debug|Any CPU
		{0551A4A1-A429-4C22-8286-7CADCC5DE172}.Release|Any CPU.ActiveCfg = Release|Any CPU
		{0551A4A1-A429-4C22-8286-7CADCC5DE172}.Release|Any CPU.Build.0 = Release|Any CPU
		{0551A4A1-A429-4C22-8286-7CADCC5DE172}.Release|x86.ActiveCfg = Release|Any CPU
		{0551A4A1-A429-4C22-8286-7CADCC5DE172}.SingleImage|Any CPU.ActiveCfg = Release|Any CPU
		{0551A4A1-A429-4C22-8286-7CADCC5DE172}.SingleImage|Any CPU.Build.0 = Release|Any CPU
		{0551A4A1-A429-4C22-8286-7CADCC5DE172}.SingleImage|x86.ActiveCfg = Release|Any CPU
		{918D41AE-0E72-45C0-9F2A-F078D1C22327}.CD_ROM|Any CPU.ActiveCfg = Release|Any CPU
		{918D41AE-0E72-45C0-9F2A-F078D1C22327}.CD_ROM|Any CPU.Build.0 = Release|Any CPU
		{918D41AE-0E72-45C0-9F2A-F078D1C22327}.CD_ROM|x86.ActiveCfg = Release|Any CPU
		{918D41AE-0E72-45C0-9F2A-F078D1C22327}.Debug|Any CPU.ActiveCfg = Debug|Any CPU
		{918D41AE-0E72-45C0-9F2A-F078D1C22327}.Debug|Any CPU.Build.0 = Debug|Any CPU
		{918D41AE-0E72-45C0-9F2A-F078D1C22327}.Debug|x86.ActiveCfg = Debug|Any CPU
		{918D41AE-0E72-45C0-9F2A-F078D1C22327}.DVD-5|Any CPU.ActiveCfg = Debug|Any CPU
		{918D41AE-0E72-45C0-9F2A-F078D1C22327}.DVD-5|Any CPU.Build.0 = Debug|Any CPU
		{918D41AE-0E72-45C0-9F2A-F078D1C22327}.DVD-5|x86.ActiveCfg = Debug|Any CPU
		{918D41AE-0E72-45C0-9F2A-F078D1C22327}.Release|Any CPU.ActiveCfg = Release|Any CPU
		{918D41AE-0E72-45C0-9F2A-F078D1C22327}.Release|Any CPU.Build.0 = Release|Any CPU
		{918D41AE-0E72-45C0-9F2A-F078D1C22327}.Release|x86.ActiveCfg = Release|Any CPU
		{918D41AE-0E72-45C0-9F2A-F078D1C22327}.SingleImage|Any CPU.ActiveCfg = Release|Any CPU
		{918D41AE-0E72-45C0-9F2A-F078D1C22327}.SingleImage|Any CPU.Build.0 = Release|Any CPU
		{918D41AE-0E72-45C0-9F2A-F078D1C22327}.SingleImage|x86.ActiveCfg = Release|Any CPU
		{477CA7F7-0731-45F7-BE37-44E9ACDD681A}.CD_ROM|Any CPU.ActiveCfg = Release|Any CPU
		{477CA7F7-0731-45F7-BE37-44E9ACDD681A}.CD_ROM|Any CPU.Build.0 = Release|Any CPU
		{477CA7F7-0731-45F7-BE37-44E9ACDD681A}.CD_ROM|x86.ActiveCfg = Release|Any CPU
		{477CA7F7-0731-45F7-BE37-44E9ACDD681A}.Debug|Any CPU.ActiveCfg = Debug|Any CPU
		{477CA7F7-0731-45F7-BE37-44E9ACDD681A}.Debug|Any CPU.Build.0 = Debug|Any CPU
		{477CA7F7-0731-45F7-BE37-44E9ACDD681A}.Debug|x86.ActiveCfg = Debug|Any CPU
		{477CA7F7-0731-45F7-BE37-44E9ACDD681A}.DVD-5|Any CPU.ActiveCfg = Debug|Any CPU
		{477CA7F7-0731-45F7-BE37-44E9ACDD681A}.DVD-5|Any CPU.Build.0 = Debug|Any CPU
		{477CA7F7-0731-45F7-BE37-44E9ACDD681A}.DVD-5|x86.ActiveCfg = Debug|Any CPU
		{477CA7F7-0731-45F7-BE37-44E9ACDD681A}.Release|Any CPU.ActiveCfg = Release|Any CPU
		{477CA7F7-0731-45F7-BE37-44E9ACDD681A}.Release|Any CPU.Build.0 = Release|Any CPU
		{477CA7F7-0731-45F7-BE37-44E9ACDD681A}.Release|x86.ActiveCfg = Release|Any CPU
		{477CA7F7-0731-45F7-BE37-44E9ACDD681A}.SingleImage|Any CPU.ActiveCfg = Release|Any CPU
		{477CA7F7-0731-45F7-BE37-44E9ACDD681A}.SingleImage|Any CPU.Build.0 = Release|Any CPU
		{477CA7F7-0731-45F7-BE37-44E9ACDD681A}.SingleImage|x86.ActiveCfg = Release|Any CPU
	EndGlobalSection
	GlobalSection(SolutionProperties) = preSolution
		HideSolutionNode = FALSE
	EndGlobalSection
	GlobalSection(NestedProjects) = preSolution
		{CBDB50BD-BB86-4FE9-B317-457EDBB8ED3E} = {288A18EF-3FCA-4358-9F9D-D91B677BD5AE}
		{BACF561C-30C6-420F-9894-12A469CE6340} = {288A18EF-3FCA-4358-9F9D-D91B677BD5AE}
		{0551A4A1-A429-4C22-8286-7CADCC5DE172} = {288A18EF-3FCA-4358-9F9D-D91B677BD5AE}
		{918D41AE-0E72-45C0-9F2A-F078D1C22327} = {288A18EF-3FCA-4358-9F9D-D91B677BD5AE}
		{477CA7F7-0731-45F7-BE37-44E9ACDD681A} = {288A18EF-3FCA-4358-9F9D-D91B677BD5AE}
	EndGlobalSection
EndGlobal
